
Microsoft Visual Studio Solution File, Format Version 12.00
# Visual Studio 2012
Project("{FAE04EC0-301F-11D3-BF4B-00C04F79EFBC}") = "AFEYAC", "AFEYAC\AFEYAC.csproj", "{9954A321-9E54-4125-91AE-BA6697326403}"
EndProject
Project("{FAE04EC0-301F-11D3-BF4B-00C04F79EFBC}") = "VENTANAS", "..\VENTANAS\VENTANAS\VENTANAS.csproj", "{A363BBCD-9B76-41FD-BDA7-0CCDA1B55121}"
EndProject
Project("{FAE04EC0-301F-11D3-BF4B-00C04F79EFBC}") = "Registros", "Registros\Registros.csproj", "{F1571B4C-73FC-4325-88FE-90C4ABD1AAEC}"
EndProject
Global
	GlobalSection(SolutionConfigurationPlatforms) = preSolution
		Debug|Any CPU = Debug|Any CPU
		Release|Any CPU = Release|Any CPU
	EndGlobalSection
	GlobalSection(ProjectConfigurationPlatforms) = postSolution
		{9954A321-9E54-4125-91AE-BA6697326403}.Debug|Any CPU.ActiveCfg = Debug|Any CPU
		{9954A321-9E54-4125-91AE-BA6697326403}.Debug|Any CPU.Build.0 = Debug|Any CPU
		{9954A321-9E54-4125-91AE-BA6697326403}.Release|Any CPU.ActiveCfg = Release|Any CPU
		{9954A321-9E54-4125-91AE-BA6697326403}.Release|Any CPU.Build.0 = Release|Any CPU
		{A363BBCD-9B76-41FD-BDA7-0CCDA1B55121}.Debug|Any CPU.ActiveCfg = Debug|Any CPU
		{A363BBCD-9B76-41FD-BDA7-0CCDA1B55121}.Debug|Any CPU.Build.0 = Debug|Any CPU
		{A363BBCD-9B76-41FD-BDA7-0CCDA1B55121}.Release|Any CPU.ActiveCfg = Release|Any CPU
		{A363BBCD-9B76-41FD-BDA7-0CCDA1B55121}.Release|Any CPU.Build.0 = Release|Any CPU
		{F1571B4C-73FC-4325-88FE-90C4ABD1AAEC}.Debug|Any CPU.ActiveCfg = Debug|Any CPU
		{F1571B4C-73FC-4325-88FE-90C4ABD1AAEC}.Debug|Any CPU.Build.0 = Debug|Any CPU
		{F1571B4C-73FC-4325-88FE-90C4ABD1AAEC}.Release|Any CPU.ActiveCfg = Release|Any CPU
		{F1571B4C-73FC-4325-88FE-90C4ABD1AAEC}.Release|Any CPU.Build.0 = Release|Any CPU
	EndGlobalSection
	GlobalSection(SolutionProperties) = preSolution
		HideSolutionNode = FALSE
	EndGlobalSection
EndGlobal
